
Microsoft Visual Studio Solution File, Format Version 12.00
# Visual Studio Version 16
VisualStudioVersion = 16.0.29911.84
MinimumVisualStudioVersion = 10.0.40219.1
Project("{FAE04EC0-301F-11D3-BF4B-00C04F79EFBC}") = "MathS", "MathS\MathS.csproj", "{506DBFA3-F1B8-4BA4-A49E-779534317997}"
EndProject
Global
	GlobalSection(SolutionConfigurationPlatforms) = preSolution
		Debug|Any CPU = Debug|Any CPU
		Release|Any CPU = Release|Any CPU
	EndGlobalSection
	GlobalSection(ProjectConfigurationPlatforms) = postSolution
		{506DBFA3-F1B8-4BA4-A49E-779534317997}.Debug|Any CPU.ActiveCfg = Debug|Any CPU
		{506DBFA3-F1B8-4BA4-A49E-779534317997}.Debug|Any CPU.Build.0 = Debug|Any CPU
		{506DBFA3-F1B8-4BA4-A49E-779534317997}.Release|Any CPU.ActiveCfg = Release|Any CPU
		{506DBFA3-F1B8-4BA4-A49E-779534317997}.Release|Any CPU.Build.0 = Release|Any CPU
	EndGlobalSection
	GlobalSection(SolutionProperties) = preSolution
		HideSolutionNode = FALSE
	EndGlobalSection
	GlobalSection(ExtensibilityGlobals) = postSolution
		SolutionGuid = {8F1F7955-7482-4D3D-96D1-6BA46EF289AA}
	EndGlobalSection
EndGlobal
